// !$*UTF8*$!
{
	archiveVersion = 1;
	classes = {
	};
	objectVersion = 46;
	objects = {

/* Begin PBXBuildFile section */
		189CA56F1B993FA90067557C /* main.m in Sources */ = {isa = PBXBuildFile; fileRef = 189CA56E1B993FA90067557C /* main.m */; };
		189CA5721B993FA90067557C /* AppDelegate.m in Sources */ = {isa = PBXBuildFile; fileRef = 189CA5711B993FA90067557C /* AppDelegate.m */; };
		189CA5751B993FA90067557C /* ViewController.m in Sources */ = {isa = PBXBuildFile; fileRef = 189CA5741B993FA90067557C /* ViewController.m */; };
		189CA5781B993FA90067557C /* Main.storyboard in Resources */ = {isa = PBXBuildFile; fileRef = 189CA5761B993FA90067557C /* Main.storyboard */; };
		189CA57A1B993FA90067557C /* Images.xcassets in Resources */ = {isa = PBXBuildFile; fileRef = 189CA5791B993FA90067557C /* Images.xcassets */; };
		189CA57D1B993FA90067557C /* LaunchScreen.xib in Resources */ = {isa = PBXBuildFile; fileRef = 189CA57B1B993FA90067557C /* LaunchScreen.xib */; };
		189CA5891B993FA90067557C /* _3______Tests.m in Sources */ = {isa = PBXBuildFile; fileRef = 189CA5881B993FA90067557C /* _3______Tests.m */; };
/* End PBXBuildFile section */

/* Begin PBXContainerItemProxy section */
		189CA5831B993FA90067557C /* PBXContainerItemProxy */ = {
			isa = PBXContainerItemProxy;
			containerPortal = 189CA5611B993FA90067557C /* Project object */;
			proxyType = 1;
			remoteGlobalIDString = 189CA5681B993FA90067557C;
			remoteInfo = "03-二维码生成";
		};
/* End PBXContainerItemProxy section */

/* Begin PBXFileReference section */
		189CA5691B993FA90067557C /* 03-二维码生成.app */ = {isa = PBXFileReference; explicitFileType = wrapper.application; includeInIndex = 0; path = "03-二维码生成.app"; sourceTree = BUILT_PRODUCTS_DIR; };
		189CA56D1B993FA90067557C /* Info.plist */ = {isa = PBXFileReference; lastKnownFileType = text.plist.xml; path = Info.plist; sourceTree = "<group>"; };
		189CA56E1B993FA90067557C /* main.m */ = {isa = PBXFileReference; lastKnownFileType = sourcecode.c.objc; path = main.m; sourceTree = "<group>"; };
		189CA5701B993FA90067557C /* AppDelegate.h */ = {isa = PBXFileReference; lastKnownFileType = sourcecode.c.h; path = AppDelegate.h; sourceTree = "<group>"; };
		189CA5711B993FA90067557C /* AppDelegate.m */ = {isa = PBXFileReference; lastKnownFileType = sourcecode.c.objc; path = AppDelegate.m; sourceTree = "<group>"; };
		189CA5731B993FA90067557C /* ViewController.h */ = {isa = PBXFileReference; lastKnownFileType = sourcecode.c.h; path = ViewController.h; sourceTree = "<group>"; };
		189CA5741B993FA90067557C /* ViewController.m */ = {isa = PBXFileReference; lastKnownFileType = sourcecode.c.objc; path = ViewController.m; sourceTree = "<group>"; };
		189CA5771B993FA90067557C /* Base */ = {isa = PBXFileReference; lastKnownFileType = file.storyboard; name = Base; path = Base.lproj/Main.storyboard; sourceTree = "<group>"; };
		189CA5791B993FA90067557C /* Images.xcassets */ = {isa = PBXFileReference; lastKnownFileType = folder.assetcatalog; path = Images.xcassets; sourceTree = "<group>"; };
		189CA57C1B993FA90067557C /* Base */ = {isa = PBXFileReference; lastKnownFileType = file.xib; name = Base; path = Base.lproj/LaunchScreen.xib; sourceTree = "<group>"; };
		189CA5821B993FA90067557C /* 03-二维码生成Tests.xctest */ = {isa = PBXFileReference; explicitFileType = wrapper.cfbundle; includeInIndex = 0; path = "03-二维码生成Tests.xctest"; sourceTree = BUILT_PRODUCTS_DIR; };
		189CA5871B993FA90067557C /* Info.plist */ = {isa = PBXFileReference; lastKnownFileType = text.plist.xml; path = Info.plist; sourceTree = "<group>"; };
		189CA5881B993FA90067557C /* _3______Tests.m */ = {isa = PBXFileReference; lastKnownFileType = sourcecode.c.objc; path = "_3______Tests.m"; sourceTree = "<group>"; };
/* End PBXFileReference section */

/* Begin PBXFrameworksBuildPhase section */
		189CA5661B993FA90067557C /* Frameworks */ = {
			isa = PBXFrameworksBuildPhase;
			buildActionMask = 2147483647;
			files = (
			);
			runOnlyForDeploymentPostprocessing = 0;
		};
		189CA57F1B993FA90067557C /* Frameworks */ = {
			isa = PBXFrameworksBuildPhase;
			buildActionMask = 2147483647;
			files = (
			);
			runOnlyForDeploymentPostprocessing = 0;
		};
/* End PBXFrameworksBuildPhase section */

/* Begin PBXGroup section */
		189CA5601B993FA90067557C = {
			isa = PBXGroup;
			children = (
				189CA56B1B993FA90067557C /* 03-二维码生成 */,
				189CA5851B993FA90067557C /* 03-二维码生成Tests */,
				189CA56A1B993FA90067557C /* Products */,
			);
			sourceTree = "<group>";
		};
		189CA56A1B993FA90067557C /* Products */ = {
			isa = PBXGroup;
			children = (
				189CA5691B993FA90067557C /* 03-二维码生成.app */,
				189CA5821B993FA90067557C /* 03-二维码生成Tests.xctest */,
			);
			name = Products;
			sourceTree = "<group>";
		};
		189CA56B1B993FA90067557C /* 03-二维码生成 */ = {
			isa = PBXGroup;
			children = (
				189CA5701B993FA90067557C /* AppDelegate.h */,
				189CA5711B993FA90067557C /* AppDelegate.m */,
				189CA5731B993FA90067557C /* ViewController.h */,
				189CA5741B993FA90067557C /* ViewController.m */,
				189CA5761B993FA90067557C /* Main.storyboard */,
				189CA5791B993FA90067557C /* Images.xcassets */,
				189CA57B1B993FA90067557C /* LaunchScreen.xib */,
				189CA56C1B993FA90067557C /* Supporting Files */,
			);
			path = "03-二维码生成";
			sourceTree = "<group>";
		};
		189CA56C1B993FA90067557C /* Supporting Files */ = {
			isa = PBXGroup;
			children = (
				189CA56D1B993FA90067557C /* Info.plist */,
				189CA56E1B993FA90067557C /* main.m */,
			);
			name = "Supporting Files";
			sourceTree = "<group>";
		};
		189CA5851B993FA90067557C /* 03-二维码生成Tests */ = {
			isa = PBXGroup;
			children = (
				189CA5881B993FA90067557C /* _3______Tests.m */,
				189CA5861B993FA90067557C /* Supporting Files */,
			);
			path = "03-二维码生成Tests";
			sourceTree = "<group>";
		};
		189CA5861B993FA90067557C /* Supporting Files */ = {
			isa = PBXGroup;
			children = (
				189CA5871B993FA90067557C /* Info.plist */,
			);
			name = "Supporting Files";
			sourceTree = "<group>";
		};
/* End PBXGroup section */

/* Begin PBXNativeTarget section */
		189CA5681B993FA90067557C /* 03-二维码生成 */ = {
			isa = PBXNativeTarget;
			buildConfigurationList = 189CA58C1B993FA90067557C /* Build configuration list for PBXNativeTarget "03-二维码生成" */;
			buildPhases = (
				189CA5651B993FA90067557C /* Sources */,
				189CA5661B993FA90067557C /* Frameworks */,
				189CA5671B993FA90067557C /* Resources */,
			);
			buildRules = (
			);
			dependencies = (
			);
			name = "03-二维码生成";
			productName = "03-二维码生成";
			productReference = 189CA5691B993FA90067557C /* 03-二维码生成.app */;
			productType = "com.apple.product-type.application";
		};
		189CA5811B993FA90067557C /* 03-二维码生成Tests */ = {
			isa = PBXNativeTarget;
			buildConfigurationList = 189CA58F1B993FA90067557C /* Build configuration list for PBXNativeTarget "03-二维码生成Tests" */;
			buildPhases = (
				189CA57E1B993FA90067557C /* Sources */,
				189CA57F1B993FA90067557C /* Frameworks */,
				189CA5801B993FA90067557C /* Resources */,
			);
			buildRules = (
			);
			dependencies = (
				189CA5841B993FA90067557C /* PBXTargetDependency */,
			);
			name = "03-二维码生成Tests";
			productName = "03-二维码生成Tests";
			productReference = 189CA5821B993FA90067557C /* 03-二维码生成Tests.xctest */;
			productType = "com.apple.product-type.bundle.unit-test";
		};
/* End PBXNativeTarget section */

/* Begin PBXProject section */
		189CA5611B993FA90067557C /* Project object */ = {
			isa = PBXProject;
			attributes = {
				LastUpgradeCheck = 0640;
				ORGANIZATIONNAME = itcast;
				TargetAttributes = {
					189CA5681B993FA90067557C = {
						CreatedOnToolsVersion = 6.4;
					};
					189CA5811B993FA90067557C = {
						CreatedOnToolsVersion = 6.4;
						TestTargetID = 189CA5681B993FA90067557C;
					};
				};
			};
			buildConfigurationList = 189CA5641B993FA90067557C /* Build configuration list for PBXProject "03-二维码生成" */;
			compatibilityVersion = "Xcode 3.2";
			developmentRegion = English;
			hasScannedForEncodings = 0;
			knownRegions = (
				en,
				Base,
			);
			mainGroup = 189CA5601B993FA90067557C;
			productRefGroup = 189CA56A1B993FA90067557C /* Products */;
			projectDirPath = "";
			projectRoot = "";
			targets = (
				189CA5681B993FA90067557C /* 03-二维码生成 */,
				189CA5811B993FA90067557C /* 03-二维码生成Tests */,
			);
		};
/* End PBXProject section */

/* Begin PBXResourcesBuildPhase section */
		189CA5671B993FA90067557C /* Resources */ = {
			isa = PBXResourcesBuildPhase;
			buildActionMask = 2147483647;
			files = (
				189CA5781B993FA90067557C /* Main.storyboard in Resources */,
				189CA57D1B993FA90067557C /* LaunchScreen.xib in Resources */,
				189CA57A1B993FA90067557C /* Images.xcassets in Resources */,
			);
			runOnlyForDeploymentPostprocessing = 0;
		};
		189CA5801B993FA90067557C /* Resources */ = {
			isa = PBXResourcesBuildPhase;
			buildActionMask = 2147483647;
			files = (
			);
			runOnlyForDeploymentPostprocessing = 0;
		};
/* End PBXResourcesBuildPhase section */

/* Begin PBXSourcesBuildPhase section */
		189CA5651B993FA90067557C /* Sources */ = {
			isa = PBXSourcesBuildPhase;
			buildActionMask = 2147483647;
			files = (
				189CA5751B993FA90067557C /* ViewController.m in Sources */,
				189CA5721B993FA90067557C /* AppDelegate.m in Sources */,
				189CA56F1B993FA90067557C /* main.m in Sources */,
			);
			runOnlyForDeploymentPostprocessing = 0;
		};
		189CA57E1B993FA90067557C /* Sources */ = {
			isa = PBXSourcesBuildPhase;
			buildActionMask = 2147483647;
			files = (
				189CA5891B993FA90067557C /* _3______Tests.m in Sources */,
			);
			runOnlyForDeploymentPostprocessing = 0;
		};
/* End PBXSourcesBuildPhase section */

/* Begin PBXTargetDependency section */
		189CA5841B993FA90067557C /* PBXTargetDependency */ = {
			isa = PBXTargetDependency;
			target = 189CA5681B993FA90067557C /* 03-二维码生成 */;
			targetProxy = 189CA5831B993FA90067557C /* PBXContainerItemProxy */;
		};
/* End PBXTargetDependency section */

/* Begin PBXVariantGroup section */
		189CA5761B993FA90067557C /* Main.storyboard */ = {
			isa = PBXVariantGroup;
			children = (
				189CA5771B993FA90067557C /* Base */,
			);
			name = Main.storyboard;
			sourceTree = "<group>";
		};
		189CA57B1B993FA90067557C /* LaunchScreen.xib */ = {
			isa = PBXVariantGroup;
			children = (
				189CA57C1B993FA90067557C /* Base */,
			);
			name = LaunchScreen.xib;
			sourceTree = "<group>";
		};
/* End PBXVariantGroup section */

/* Begin XCBuildConfiguration section */
		189CA58A1B993FA90067557C /* Debug */ = {
			isa = XCBuildConfiguration;
			buildSettings = {
				ALWAYS_SEARCH_USER_PATHS = NO;
				CLANG_CXX_LANGUAGE_STANDARD = "gnu++0x";
				CLANG_CXX_LIBRARY = "libc++";
				CLANG_ENABLE_MODULES = YES;
				CLANG_ENABLE_OBJC_ARC = YES;
				CLANG_WARN_BOOL_CONVERSION = YES;
				CLANG_WARN_CONSTANT_CONVERSION = YES;
				CLANG_WARN_DIRECT_OBJC_ISA_USAGE = YES_ERROR;
				CLANG_WARN_EMPTY_BODY = YES;
				CLANG_WARN_ENUM_CONVERSION = YES;
				CLANG_WARN_INT_CONVERSION = YES;
				CLANG_WARN_OBJC_ROOT_CLASS = YES_ERROR;
				CLANG_WARN_UNREACHABLE_CODE = YES;
				CLANG_WARN__DUPLICATE_METHOD_MATCH = YES;
				"CODE_SIGN_IDENTITY[sdk=iphoneos*]" = "iPhone Developer";
				COPY_PHASE_STRIP = NO;
				DEBUG_INFORMATION_FORMAT = "dwarf-with-dsym";
				ENABLE_STRICT_OBJC_MSGSEND = YES;
				GCC_C_LANGUAGE_STANDARD = gnu99;
				GCC_DYNAMIC_NO_PIC = NO;
				GCC_NO_COMMON_BLOCKS = YES;
				GCC_OPTIMIZATION_LEVEL = 0;
				GCC_PREPROCESSOR_DEFINITIONS = (
					"DEBUG=1",
					"$(inherited)",
				);
				GCC_SYMBOLS_PRIVATE_EXTERN = NO;
				GCC_WARN_64_TO_32_BIT_CONVERSION = YES;
				GCC_WARN_ABOUT_RETURN_TYPE = YES_ERROR;
				GCC_WARN_UNDECLARED_SELECTOR = YES;
				GCC_WARN_UNINITIALIZED_AUTOS = YES_AGGRESSIVE;
				GCC_WARN_UNUSED_FUNCTION = YES;
				GCC_WARN_UNUSED_VARIABLE = YES;
				IPHONEOS_DEPLOYMENT_TARGET = 8.4;
				MTL_ENABLE_DEBUG_INFO = YES;
				ONLY_ACTIVE_ARCH = YES;
				SDKROOT = iphoneos;
			};
			name = Debug;
		};
		189CA58B1B993FA90067557C /* Release */ = {
			isa = XCBuildConfiguration;
			buildSettings = {
				ALWAYS_SEARCH_USER_PATHS = NO;
				CLANG_CXX_LANGUAGE_STANDARD = "gnu++0x";
				CLANG_CXX_LIBRARY = "libc++";
				CLANG_ENABLE_MODULES = YES;
				CLANG_ENABLE_OBJC_ARC = YES;
				CLANG_WARN_BOOL_CONVERSION = YES;
				CLANG_WARN_CONSTANT_CONVERSION = YES;
				CLANG_WARN_DIRECT_OBJC_ISA_USAGE = YES_ERROR;
				CLANG_WARN_EMPTY_BODY = YES;
				CLANG_WARN_ENUM_CONVERSION = YES;
				CLANG_WARN_INT_CONVERSION = YES;
				CLANG_WARN_OBJC_ROOT_CLASS = YES_ERROR;
				CLANG_WARN_UNREACHABLE_CODE = YES;
				CLANG_WARN__DUPLICATE_METHOD_MATCH = YES;
				"CODE_SIGN_IDENTITY[sdk=iphoneos*]" = "iPhone Developer";
				COPY_PHASE_STRIP = NO;
				DEBUG_INFORMATION_FORMAT = "dwarf-with-dsym";
				ENABLE_NS_ASSERTIONS = NO;
				ENABLE_STRICT_OBJC_MSGSEND = YES;
				GCC_C_LANGUAGE_STANDARD = gnu99;
				GCC_NO_COMMON_BLOCKS = YES;
				GCC_WARN_64_TO_32_BIT_CONVERSION = YES;
				GCC_WARN_ABOUT_RETURN_TYPE = YES_ERROR;
				GCC_WARN_UNDECLARED_SELECTOR = YES;
				GCC_WARN_UNINITIALIZED_AUTOS = YES_AGGRESSIVE;
				GCC_WARN_UNUSED_FUNCTION = YES;
				GCC_WARN_UNUSED_VARIABLE = YES;
				IPHONEOS_DEPLOYMENT_TARGET = 8.4;
				MTL_ENABLE_DEBUG_INFO = NO;
				SDKROOT = iphoneos;
				VALIDATE_PRODUCT = YES;
			};
			name = Release;
		};
		189CA58D1B993FA90067557C /* Debug */ = {
			isa = XCBuildConfiguration;
			buildSettings = {
				ASSETCATALOG_COMPILER_APPICON_NAME = AppIcon;
				INFOPLIST_FILE = "03-二维码生成/Info.plist";
				LD_RUNPATH_SEARCH_PATHS = "$(inherited) @executable_path/Frameworks";
				PRODUCT_NAME = "$(TARGET_NAME)";
			};
			name = Debug;
		};
		189CA58E1B993FA90067557C /* Release */ = {
			isa = XCBuildConfiguration;
			buildSettings = {
				ASSETCATALOG_COMPILER_APPICON_NAME = AppIcon;
				INFOPLIST_FILE = "03-二维码生成/Info.plist";
				LD_RUNPATH_SEARCH_PATHS = "$(inherited) @executable_path/Frameworks";
				PRODUCT_NAME = "$(TARGET_NAME)";
			};
			name = Release;
		};
		189CA5901B993FA90067557C /* Debug */ = {
			isa = XCBuildConfiguration;
			buildSettings = {
				BUNDLE_LOADER = "$(TEST_HOST)";
				FRAMEWORK_SEARCH_PATHS = (
					"$(SDKROOT)/Developer/Library/Frameworks",
					"$(inherited)",
				);
				GCC_PREPROCESSOR_DEFINITIONS = (
					"DEBUG=1",
					"$(inherited)",
				);
				INFOPLIST_FILE = "03-二维码生成Tests/Info.plist";
				LD_RUNPATH_SEARCH_PATHS = "$(inherited) @executable_path/Frameworks @loader_path/Frameworks";
				PRODUCT_NAME = "$(TARGET_NAME)";
				TEST_HOST = "$(BUILT_PRODUCTS_DIR)/03-二维码生成.app/03-二维码生成";
			};
			name = Debug;
		};
		189CA5911B993FA90067557C /* Release */ = {
			isa = XCBuildConfiguration;
			buildSettings = {
				BUNDLE_LOADER = "$(TEST_HOST)";
				FRAMEWORK_SEARCH_PATHS = (
					"$(SDKROOT)/Developer/Library/Frameworks",
					"$(inherited)",
				);
				INFOPLIST_FILE = "03-二维码生成Tests/Info.plist";
				LD_RUNPATH_SEARCH_PATHS = "$(inherited) @executable_path/Frameworks @loader_path/Frameworks";
				PRODUCT_NAME = "$(TARGET_NAME)";
				TEST_HOST = "$(BUILT_PRODUCTS_DIR)/03-二维码生成.app/03-二维码生成";
			};
			name = Release;
		};
/* End XCBuildConfiguration section */

/* Begin XCConfigurationList section */
		189CA5641B993FA90067557C /* Build configuration list for PBXProject "03-二维码生成" */ = {
			isa = XCConfigurationList;
			buildConfigurations = (
				189CA58A1B993FA90067557C /* Debug */,
				189CA58B1B993FA90067557C /* Release */,
			);
			defaultConfigurationIsVisible = 0;
			defaultConfigurationName = Release;
		};
		189CA58C1B993FA90067557C /* Build configuration list for PBXNativeTarget "03-二维码生成" */ = {
			isa = XCConfigurationList;
			buildConfigurations = (
				189CA58D1B993FA90067557C /* Debug */,
				189CA58E1B993FA90067557C /* Release */,
			);
			defaultConfigurationIsVisible = 0;
		};
		189CA58F1B993FA90067557C /* Build configuration list for PBXNativeTarget "03-二维码生成Tests" */ = {
			isa = XCConfigurationList;
			buildConfigurations = (
				189CA5901B993FA90067557C /* Debug */,
				189CA5911B993FA90067557C /* Release */,
			);
			defaultConfigurationIsVisible = 0;
		};
/* End XCConfigurationList section */
	};
	rootObject = 189CA5611B993FA90067557C /* Project object */;
}
